{
    "name": "alias-server",
    "version": "1.0.0",
    "lockfileVersion": 2,
    "requires": true,
    "packages": {
        "": {
            "name": "alias-server",
            "version": "1.0.0",
            "license": "MIT",
            "dependencies": {
                "chronik-client": "^0.8.1"
            }
        },
        "node_modules/@protobufjs/aspromise": {
            "version": "1.1.2",
            "resolved": "https://registry.npmjs.org/@protobufjs/aspromise/-/aspromise-1.1.2.tgz",
            "integrity": "sha512-j+gKExEuLmKwvz3OgROXtrJ2UG2x8Ch2YZUxahh+s1F2HZ+wAceUNLkvy6zKCPVRkU++ZWQrdxsUeQXmcg4uoQ=="
        },
        "node_modules/@protobufjs/base64": {
            "version": "1.1.2",
            "resolved": "https://registry.npmjs.org/@protobufjs/base64/-/base64-1.1.2.tgz",
            "integrity": "sha512-AZkcAA5vnN/v4PDqKyMR5lx7hZttPDgClv83E//FMNhR2TMcLUhfRUBHCmSl0oi9zMgDDqRUJkSxO3wm85+XLg=="
        },
        "node_modules/@protobufjs/codegen": {
            "version": "2.0.4",
            "resolved": "https://registry.npmjs.org/@protobufjs/codegen/-/codegen-2.0.4.tgz",
            "integrity": "sha512-YyFaikqM5sH0ziFZCN3xDC7zeGaB/d0IUb9CATugHWbd1FRFwWwt4ld4OYMPWu5a3Xe01mGAULCdqhMlPl29Jg=="
        },
        "node_modules/@protobufjs/eventemitter": {
            "version": "1.1.0",
            "resolved": "https://registry.npmjs.org/@protobufjs/eventemitter/-/eventemitter-1.1.0.tgz",
            "integrity": "sha512-j9ednRT81vYJ9OfVuXG6ERSTdEL1xVsNgqpkxMsbIabzSo3goCjDIveeGv5d03om39ML71RdmrGNjG5SReBP/Q=="
        },
        "node_modules/@protobufjs/fetch": {
            "version": "1.1.0",
            "resolved": "https://registry.npmjs.org/@protobufjs/fetch/-/fetch-1.1.0.tgz",
            "integrity": "sha512-lljVXpqXebpsijW71PZaCYeIcE5on1w5DlQy5WH6GLbFryLUrBD4932W/E2BSpfRJWseIL4v/KPgBFxDOIdKpQ==",
            "dependencies": {
                "@protobufjs/aspromise": "^1.1.1",
                "@protobufjs/inquire": "^1.1.0"
            }
        },
        "node_modules/@protobufjs/float": {
            "version": "1.0.2",
            "resolved": "https://registry.npmjs.org/@protobufjs/float/-/float-1.0.2.tgz",
            "integrity": "sha512-Ddb+kVXlXst9d+R9PfTIxh1EdNkgoRe5tOX6t01f1lYWOvJnSPDBlG241QLzcyPdoNTsblLUdujGSE4RzrTZGQ=="
        },
        "node_modules/@protobufjs/inquire": {
            "version": "1.1.0",
            "resolved": "https://registry.npmjs.org/@protobufjs/inquire/-/inquire-1.1.0.tgz",
            "integrity": "sha512-kdSefcPdruJiFMVSbn801t4vFK7KB/5gd2fYvrxhuJYg8ILrmn9SKSX2tZdV6V+ksulWqS7aXjBcRXl3wHoD9Q=="
        },
        "node_modules/@protobufjs/path": {
            "version": "1.1.2",
            "resolved": "https://registry.npmjs.org/@protobufjs/path/-/path-1.1.2.tgz",
            "integrity": "sha512-6JOcJ5Tm08dOHAbdR3GrvP+yUUfkjG5ePsHYczMFLq3ZmMkAD98cDgcT2iA1lJ9NVwFd4tH/iSSoe44YWkltEA=="
        },
        "node_modules/@protobufjs/pool": {
            "version": "1.1.0",
            "resolved": "https://registry.npmjs.org/@protobufjs/pool/-/pool-1.1.0.tgz",
            "integrity": "sha512-0kELaGSIDBKvcgS4zkjz1PeddatrjYcmMWOlAuAPwAeccUrPHdUqo/J6LiymHHEiJT5NrF1UVwxY14f+fy4WQw=="
        },
        "node_modules/@protobufjs/utf8": {
            "version": "1.1.0",
            "resolved": "https://registry.npmjs.org/@protobufjs/utf8/-/utf8-1.1.0.tgz",
            "integrity": "sha512-Vvn3zZrhQZkkBE8LSuW3em98c0FwgO4nxzv6OdSxPKJIEKY2bGbHn+mhGIPerzI4twdxaP8/0+06HBpwf345Lw=="
        },
        "node_modules/@types/long": {
            "version": "4.0.2",
            "resolved": "https://registry.npmjs.org/@types/long/-/long-4.0.2.tgz",
            "integrity": "sha512-MqTGEo5bj5t157U6fA/BiDynNkn0YknVdh48CMPkTSpFTVmvao5UQmm7uEF6xBEo7qIMAlY/JSleYaE6VOdpaA=="
        },
        "node_modules/@types/node": {
            "version": "18.11.18",
            "resolved": "https://registry.npmjs.org/@types/node/-/node-18.11.18.tgz",
            "integrity": "sha512-DHQpWGjyQKSHj3ebjFI/wRKcqQcdR+MoFBygntYOZytCqNfkd2ZC4ARDJ2DQqhjH5p85Nnd3jhUJIXrszFX/JA=="
        },
        "node_modules/@types/ws": {
            "version": "8.5.4",
            "resolved": "https://registry.npmjs.org/@types/ws/-/ws-8.5.4.tgz",
            "integrity": "sha512-zdQDHKUgcX/zBc4GrwsE/7dVdAD8JR4EuiAXiiUhhfyIJXXb2+PrGshFyeXWQPMmmZ2XxgaqclgpIC7eTXc1mg==",
            "dependencies": {
                "@types/node": "*"
            }
        },
        "node_modules/axios": {
            "version": "0.21.4",
            "resolved": "https://registry.npmjs.org/axios/-/axios-0.21.4.tgz",
            "integrity": "sha512-ut5vewkiu8jjGBdqpM44XxjuCjq9LAKeHVmoVfHVzy8eHgxxq8SbAVQNovDA8mVi05kP0Ea/n/UzcSHcTJQfNg==",
            "dependencies": {
                "follow-redirects": "^1.14.0"
            }
        },
        "node_modules/chronik-client": {
            "version": "0.8.1",
            "resolved": "https://registry.npmjs.org/chronik-client/-/chronik-client-0.8.1.tgz",
            "integrity": "sha512-oVinfDASsm8vOTZk4TaqzDumEC1hcxfQjdNNfFzqn8w8vRxstEjUsbRenUqazQBAngeECGIyUKGOt6a47WiJyw==",
            "dependencies": {
                "@types/ws": "^8.2.1",
                "axios": "^0.21.1",
                "isomorphic-ws": "^4.0.1",
                "protobufjs": "^6.8.8",
                "ws": "^8.3.0"
            }
        },
        "node_modules/follow-redirects": {
            "version": "1.15.2",
            "resolved": "https://registry.npmjs.org/follow-redirects/-/follow-redirects-1.15.2.tgz",
            "integrity": "sha512-VQLG33o04KaQ8uYi2tVNbdrWp1QWxNNea+nmIB4EVM28v0hmP17z7aG1+wAkNzVq4KeXTq3221ye5qTJP91JwA==",
            "funding": [
                {
                    "type": "individual",
                    "url": "https://github.com/sponsors/RubenVerborgh"
                }
            ],
            "engines": {
                "node": ">=4.0"
            },
            "peerDependenciesMeta": {
                "debug": {
                    "optional": true
                }
            }
        },
        "node_modules/isomorphic-ws": {
            "version": "4.0.1",
            "resolved": "https://registry.npmjs.org/isomorphic-ws/-/isomorphic-ws-4.0.1.tgz",
            "integrity": "sha512-BhBvN2MBpWTaSHdWRb/bwdZJ1WaehQ2L1KngkCkfLUGF0mAWAT1sQUQacEmQ0jXkFw/czDXPNQSL5u2/Krsz1w==",
            "peerDependencies": {
                "ws": "*"
            }
        },
        "node_modules/long": {
            "version": "4.0.0",
            "resolved": "https://registry.npmjs.org/long/-/long-4.0.0.tgz",
            "integrity": "sha512-XsP+KhQif4bjX1kbuSiySJFNAehNxgLb6hPRGJ9QsUr8ajHkuXGdrHmFUTUUXhDwVX2R5bY4JNZEwbUiMhV+MA=="
        },
        "node_modules/protobufjs": {
            "version": "6.11.3",
            "resolved": "https://registry.npmjs.org/protobufjs/-/protobufjs-6.11.3.tgz",
            "integrity": "sha512-xL96WDdCZYdU7Slin569tFX712BxsxslWwAfAhCYjQKGTq7dAU91Lomy6nLLhh/dyGhk/YH4TwTSRxTzhuHyZg==",
            "hasInstallScript": true,
            "dependencies": {
                "@protobufjs/aspromise": "^1.1.2",
                "@protobufjs/base64": "^1.1.2",
                "@protobufjs/codegen": "^2.0.4",
                "@protobufjs/eventemitter": "^1.1.0",
                "@protobufjs/fetch": "^1.1.0",
                "@protobufjs/float": "^1.0.2",
                "@protobufjs/inquire": "^1.1.0",
                "@protobufjs/path": "^1.1.2",
                "@protobufjs/pool": "^1.1.0",
                "@protobufjs/utf8": "^1.1.0",
                "@types/long": "^4.0.1",
                "@types/node": ">=13.7.0",
                "long": "^4.0.0"
            },
            "bin": {
                "pbjs": "bin/pbjs",
                "pbts": "bin/pbts"
            }
        },
        "node_modules/ws": {
            "version": "8.12.0",
            "resolved": "https://registry.npmjs.org/ws/-/ws-8.12.0.tgz",
            "integrity": "sha512-kU62emKIdKVeEIOIKVegvqpXMSTAMLJozpHZaJNDYqBjzlSYXQGviYwN1osDLJ9av68qHd4a2oSjd7yD4pacig==",
            "engines": {
                "node": ">=10.0.0"
            },
            "peerDependencies": {
                "bufferutil": "^4.0.1",
                "utf-8-validate": ">=5.0.2"
            },
            "peerDependenciesMeta": {
                "bufferutil": {
                    "optional": true
                },
                "utf-8-validate": {
                    "optional": true
                }
            }
        }
    },
    "dependencies": {
        "@protobufjs/aspromise": {
            "version": "1.1.2",
            "resolved": "https://registry.npmjs.org/@protobufjs/aspromise/-/aspromise-1.1.2.tgz",
            "integrity": "sha512-j+gKExEuLmKwvz3OgROXtrJ2UG2x8Ch2YZUxahh+s1F2HZ+wAceUNLkvy6zKCPVRkU++ZWQrdxsUeQXmcg4uoQ=="
        },
        "@protobufjs/base64": {
            "version": "1.1.2",
            "resolved": "https://registry.npmjs.org/@protobufjs/base64/-/base64-1.1.2.tgz",
            "integrity": "sha512-AZkcAA5vnN/v4PDqKyMR5lx7hZttPDgClv83E//FMNhR2TMcLUhfRUBHCmSl0oi9zMgDDqRUJkSxO3wm85+XLg=="
        },
        "@protobufjs/codegen": {
            "version": "2.0.4",
            "resolved": "https://registry.npmjs.org/@protobufjs/codegen/-/codegen-2.0.4.tgz",
            "integrity": "sha512-YyFaikqM5sH0ziFZCN3xDC7zeGaB/d0IUb9CATugHWbd1FRFwWwt4ld4OYMPWu5a3Xe01mGAULCdqhMlPl29Jg=="
        },
        "@protobufjs/eventemitter": {
            "version": "1.1.0",
            "resolved": "https://registry.npmjs.org/@protobufjs/eventemitter/-/eventemitter-1.1.0.tgz",
            "integrity": "sha512-j9ednRT81vYJ9OfVuXG6ERSTdEL1xVsNgqpkxMsbIabzSo3goCjDIveeGv5d03om39ML71RdmrGNjG5SReBP/Q=="
        },
        "@protobufjs/fetch": {
            "version": "1.1.0",
            "resolved": "https://registry.npmjs.org/@protobufjs/fetch/-/fetch-1.1.0.tgz",
            "integrity": "sha512-lljVXpqXebpsijW71PZaCYeIcE5on1w5DlQy5WH6GLbFryLUrBD4932W/E2BSpfRJWseIL4v/KPgBFxDOIdKpQ==",
            "requires": {
                "@protobufjs/aspromise": "^1.1.1",
                "@protobufjs/inquire": "^1.1.0"
            }
        },
        "@protobufjs/float": {
            "version": "1.0.2",
            "resolved": "https://registry.npmjs.org/@protobufjs/float/-/float-1.0.2.tgz",
            "integrity": "sha512-Ddb+kVXlXst9d+R9PfTIxh1EdNkgoRe5tOX6t01f1lYWOvJnSPDBlG241QLzcyPdoNTsblLUdujGSE4RzrTZGQ=="
        },
        "@protobufjs/inquire": {
            "version": "1.1.0",
            "resolved": "https://registry.npmjs.org/@protobufjs/inquire/-/inquire-1.1.0.tgz",
            "integrity": "sha512-kdSefcPdruJiFMVSbn801t4vFK7KB/5gd2fYvrxhuJYg8ILrmn9SKSX2tZdV6V+ksulWqS7aXjBcRXl3wHoD9Q=="
        },
        "@protobufjs/path": {
            "version": "1.1.2",
            "resolved": "https://registry.npmjs.org/@protobufjs/path/-/path-1.1.2.tgz",
            "integrity": "sha512-6JOcJ5Tm08dOHAbdR3GrvP+yUUfkjG5ePsHYczMFLq3ZmMkAD98cDgcT2iA1lJ9NVwFd4tH/iSSoe44YWkltEA=="
        },
        "@protobufjs/pool": {
            "version": "1.1.0",
            "resolved": "https://registry.npmjs.org/@protobufjs/pool/-/pool-1.1.0.tgz",
            "integrity": "sha512-0kELaGSIDBKvcgS4zkjz1PeddatrjYcmMWOlAuAPwAeccUrPHdUqo/J6LiymHHEiJT5NrF1UVwxY14f+fy4WQw=="
        },
        "@protobufjs/utf8": {
            "version": "1.1.0",
            "resolved": "https://registry.npmjs.org/@protobufjs/utf8/-/utf8-1.1.0.tgz",
            "integrity": "sha512-Vvn3zZrhQZkkBE8LSuW3em98c0FwgO4nxzv6OdSxPKJIEKY2bGbHn+mhGIPerzI4twdxaP8/0+06HBpwf345Lw=="
        },
        "@types/long": {
            "version": "4.0.2",
            "resolved": "https://registry.npmjs.org/@types/long/-/long-4.0.2.tgz",
            "integrity": "sha512-MqTGEo5bj5t157U6fA/BiDynNkn0YknVdh48CMPkTSpFTVmvao5UQmm7uEF6xBEo7qIMAlY/JSleYaE6VOdpaA=="
        },
        "@types/node": {
            "version": "18.11.18",
            "resolved": "https://registry.npmjs.org/@types/node/-/node-18.11.18.tgz",
            "integrity": "sha512-DHQpWGjyQKSHj3ebjFI/wRKcqQcdR+MoFBygntYOZytCqNfkd2ZC4ARDJ2DQqhjH5p85Nnd3jhUJIXrszFX/JA=="
        },
        "@types/ws": {
            "version": "8.5.4",
            "resolved": "https://registry.npmjs.org/@types/ws/-/ws-8.5.4.tgz",
            "integrity": "sha512-zdQDHKUgcX/zBc4GrwsE/7dVdAD8JR4EuiAXiiUhhfyIJXXb2+PrGshFyeXWQPMmmZ2XxgaqclgpIC7eTXc1mg==",
            "requires": {
                "@types/node": "*"
            }
        },
        "axios": {
            "version": "0.21.4",
            "resolved": "https://registry.npmjs.org/axios/-/axios-0.21.4.tgz",
            "integrity": "sha512-ut5vewkiu8jjGBdqpM44XxjuCjq9LAKeHVmoVfHVzy8eHgxxq8SbAVQNovDA8mVi05kP0Ea/n/UzcSHcTJQfNg==",
            "requires": {
                "follow-redirects": "^1.14.0"
            }
        },
        "chronik-client": {
            "version": "0.8.1",
            "resolved": "https://registry.npmjs.org/chronik-client/-/chronik-client-0.8.1.tgz",
            "integrity": "sha512-oVinfDASsm8vOTZk4TaqzDumEC1hcxfQjdNNfFzqn8w8vRxstEjUsbRenUqazQBAngeECGIyUKGOt6a47WiJyw==",
            "requires": {
                "@types/ws": "^8.2.1",
                "axios": "^0.21.1",
                "isomorphic-ws": "^4.0.1",
                "protobufjs": "^6.8.8",
                "ws": "^8.3.0"
            }
        },
        "follow-redirects": {
            "version": "1.15.2",
            "resolved": "https://registry.npmjs.org/follow-redirects/-/follow-redirects-1.15.2.tgz",
            "integrity": "sha512-VQLG33o04KaQ8uYi2tVNbdrWp1QWxNNea+nmIB4EVM28v0hmP17z7aG1+wAkNzVq4KeXTq3221ye5qTJP91JwA=="
        },
        "isomorphic-ws": {
            "version": "4.0.1",
            "resolved": "https://registry.npmjs.org/isomorphic-ws/-/isomorphic-ws-4.0.1.tgz",
            "integrity": "sha512-BhBvN2MBpWTaSHdWRb/bwdZJ1WaehQ2L1KngkCkfLUGF0mAWAT1sQUQacEmQ0jXkFw/czDXPNQSL5u2/Krsz1w==",
            "requires": {}
        },
        "long": {
            "version": "4.0.0",
            "resolved": "https://registry.npmjs.org/long/-/long-4.0.0.tgz",
            "integrity": "sha512-XsP+KhQif4bjX1kbuSiySJFNAehNxgLb6hPRGJ9QsUr8ajHkuXGdrHmFUTUUXhDwVX2R5bY4JNZEwbUiMhV+MA=="
        },
        "protobufjs": {
            "version": "6.11.3",
            "resolved": "https://registry.npmjs.org/protobufjs/-/protobufjs-6.11.3.tgz",
            "integrity": "sha512-xL96WDdCZYdU7Slin569tFX712BxsxslWwAfAhCYjQKGTq7dAU91Lomy6nLLhh/dyGhk/YH4TwTSRxTzhuHyZg==",
            "requires": {
                "@protobufjs/aspromise": "^1.1.2",
                "@protobufjs/base64": "^1.1.2",
                "@protobufjs/codegen": "^2.0.4",
                "@protobufjs/eventemitter": "^1.1.0",
                "@protobufjs/fetch": "^1.1.0",
                "@protobufjs/float": "^1.0.2",
                "@protobufjs/inquire": "^1.1.0",
                "@protobufjs/path": "^1.1.2",
                "@protobufjs/pool": "^1.1.0",
                "@protobufjs/utf8": "^1.1.0",
                "@types/long": "^4.0.1",
                "@types/node": ">=13.7.0",
                "long": "^4.0.0"
            }
        },
        "ws": {
            "version": "8.12.0",
            "resolved": "https://registry.npmjs.org/ws/-/ws-8.12.0.tgz",
            "integrity": "sha512-kU62emKIdKVeEIOIKVegvqpXMSTAMLJozpHZaJNDYqBjzlSYXQGviYwN1osDLJ9av68qHd4a2oSjd7yD4pacig==",
            "requires": {}
        }
    }
}
